
Microsoft Visual Studio Solution File, Format Version 12.00
Project("{FAE04EC0-301F-11D3-BF4B-00C04F79EFBC}") = "cs", "cs\cs.csproj", "{46004178-23AC-4DB3-BD60-FCC2D5EA8220}"
EndProject
Global
	GlobalSection(SolutionConfigurationPlatforms) = preSolution
		Debug|Any CPU = Debug|Any CPU
		Release|Any CPU = Release|Any CPU
	EndGlobalSection
	GlobalSection(ProjectConfigurationPlatforms) = postSolution
		{46004178-23AC-4DB3-BD60-FCC2D5EA8220}.Debug|Any CPU.ActiveCfg = Debug|Any CPU
		{46004178-23AC-4DB3-BD60-FCC2D5EA8220}.Debug|Any CPU.Build.0 = Debug|Any CPU
		{46004178-23AC-4DB3-BD60-FCC2D5EA8220}.Release|Any CPU.ActiveCfg = Release|Any CPU
		{46004178-23AC-4DB3-BD60-FCC2D5EA8220}.Release|Any CPU.Build.0 = Release|Any CPU
	EndGlobalSection
EndGlobal
